{
  "nodes": {
    "nixpkgs": {
      "locked": {
        "lastModified": 1618801528,
        "narHash": "sha256-1ru9LzP33ElEAZcDzYLgJQG3/uHhAg0LFJEfVZSOPZg=",
        "owner": "NixOS",
        "repo": "nixpkgs",
        "rev": "0a5f5bab0e08e968ef25cff393312aa51a3512cf",
        "type": "github"
      },
      "original": {
        "owner": "NixOS",
        "ref": "nixos-unstable",
        "repo": "nixpkgs",
        "type": "github"
      }
    },
    "root": {
      "inputs": {
        "nixpkgs": "nixpkgs"
      }
    }
  },
  "root": "root",
  "version": 7
}
